
Microsoft Visual Studio Solution File, Format Version 12.00
# Visual Studio Version 17
VisualStudioVersion = 17.12.35707.178
MinimumVisualStudioVersion = 10.0.40219.1
Project("{FAE04EC0-301F-11D3-BF4B-00C04F79EFBC}") = "QB_Vendors_CLI", "QB_Vendors_CLI\QB_Vendors_CLI.csproj", "{9C288439-B129-4A12-BAD4-26EC7F140FB7}"
EndProject
Project("{FAE04EC0-301F-11D3-BF4B-00C04F79EFBC}") = "QB_Vendors_Lib", "QB_Vendors_Lib\QB_Vendors_Lib.csproj", "{08DFCE3C-EA3E-427B-A65A-EEFE2F23395F}"
EndProject
Project("{FAE04EC0-301F-11D3-BF4B-00C04F79EFBC}") = "QB_Vendros_Test", "QB_Vendros_Test\QB_Vendros_Test.csproj", "{B7C8F41E-4FC8-4AC3-9585-11CA1A7A66FC}"
EndProject
Global
	GlobalSection(SolutionConfigurationPlatforms) = preSolution
		Debug|Any CPU = Debug|Any CPU
		Debug|x86 = Debug|x86
		Release|Any CPU = Release|Any CPU
		Release|x86 = Release|x86
	EndGlobalSection
	GlobalSection(ProjectConfigurationPlatforms) = postSolution
		{9C288439-B129-4A12-BAD4-26EC7F140FB7}.Debug|Any CPU.ActiveCfg = Debug|Any CPU
		{9C288439-B129-4A12-BAD4-26EC7F140FB7}.Debug|Any CPU.Build.0 = Debug|Any CPU
		{9C288439-B129-4A12-BAD4-26EC7F140FB7}.Debug|x86.ActiveCfg = Debug|x86
		{9C288439-B129-4A12-BAD4-26EC7F140FB7}.Debug|x86.Build.0 = Debug|x86
		{9C288439-B129-4A12-BAD4-26EC7F140FB7}.Release|Any CPU.ActiveCfg = Release|Any CPU
		{9C288439-B129-4A12-BAD4-26EC7F140FB7}.Release|Any CPU.Build.0 = Release|Any CPU
		{9C288439-B129-4A12-BAD4-26EC7F140FB7}.Release|x86.ActiveCfg = Release|x86
		{9C288439-B129-4A12-BAD4-26EC7F140FB7}.Release|x86.Build.0 = Release|x86
		{08DFCE3C-EA3E-427B-A65A-EEFE2F23395F}.Debug|Any CPU.ActiveCfg = Debug|Any CPU
		{08DFCE3C-EA3E-427B-A65A-EEFE2F23395F}.Debug|Any CPU.Build.0 = Debug|Any CPU
		{08DFCE3C-EA3E-427B-A65A-EEFE2F23395F}.Debug|x86.ActiveCfg = Debug|Any CPU
		{08DFCE3C-EA3E-427B-A65A-EEFE2F23395F}.Debug|x86.Build.0 = Debug|Any CPU
		{08DFCE3C-EA3E-427B-A65A-EEFE2F23395F}.Release|Any CPU.ActiveCfg = Release|Any CPU
		{08DFCE3C-EA3E-427B-A65A-EEFE2F23395F}.Release|Any CPU.Build.0 = Release|Any CPU
		{08DFCE3C-EA3E-427B-A65A-EEFE2F23395F}.Release|x86.ActiveCfg = Release|Any CPU
		{08DFCE3C-EA3E-427B-A65A-EEFE2F23395F}.Release|x86.Build.0 = Release|Any CPU
		{B7C8F41E-4FC8-4AC3-9585-11CA1A7A66FC}.Debug|Any CPU.ActiveCfg = Debug|Any CPU
		{B7C8F41E-4FC8-4AC3-9585-11CA1A7A66FC}.Debug|Any CPU.Build.0 = Debug|Any CPU
		{B7C8F41E-4FC8-4AC3-9585-11CA1A7A66FC}.Debug|x86.ActiveCfg = Debug|x86
		{B7C8F41E-4FC8-4AC3-9585-11CA1A7A66FC}.Debug|x86.Build.0 = Debug|x86
		{B7C8F41E-4FC8-4AC3-9585-11CA1A7A66FC}.Release|Any CPU.ActiveCfg = Release|Any CPU
		{B7C8F41E-4FC8-4AC3-9585-11CA1A7A66FC}.Release|Any CPU.Build.0 = Release|Any CPU
		{B7C8F41E-4FC8-4AC3-9585-11CA1A7A66FC}.Release|x86.ActiveCfg = Release|Any CPU
		{B7C8F41E-4FC8-4AC3-9585-11CA1A7A66FC}.Release|x86.Build.0 = Release|Any CPU
	EndGlobalSection
	GlobalSection(SolutionProperties) = preSolution
		HideSolutionNode = FALSE
	EndGlobalSection
EndGlobal
